// !$*UTF8*$!
{
	archiveVersion = 1;
	classes = {
	};
	objectVersion = 56;
	objects = {

/* Begin PBXBuildFile section */
		3396E95E2C31962700C9E519 /* SingleDinoView.swift in Sources */ = {isa = PBXBuildFile; fileRef = 3396E95D2C31962700C9E519 /* SingleDinoView.swift */; };
		3396E9602C31A1D000C9E519 /* NewsflashBB.ttf in Resources */ = {isa = PBXBuildFile; fileRef = 3396E95F2C31A1D000C9E519 /* NewsflashBB.ttf */; };
		33A8E7832C30472900933140 /* NewView.swift in Sources */ = {isa = PBXBuildFile; fileRef = 33A8E7822C30472900933140 /* NewView.swift */; };
		33A8E7852C3047B700933140 /* NewDinoModel.swift in Sources */ = {isa = PBXBuildFile; fileRef = 33A8E7842C3047B700933140 /* NewDinoModel.swift */; };
		33A8E7882C30492A00933140 /* NewDinoController.swift in Sources */ = {isa = PBXBuildFile; fileRef = 33A8E7872C30492A00933140 /* NewDinoController.swift */; };
		33E69D832C2F1281005302B8 /* JPXHomeViewAPPApp.swift in Sources */ = {isa = PBXBuildFile; fileRef = 33E69D822C2F1281005302B8 /* JPXHomeViewAPPApp.swift */; };
		33E69D852C2F1281005302B8 /* ContentView.swift in Sources */ = {isa = PBXBuildFile; fileRef = 33E69D842C2F1281005302B8 /* ContentView.swift */; };
		33E69D872C2F1282005302B8 /* Assets.xcassets in Resources */ = {isa = PBXBuildFile; fileRef = 33E69D862C2F1282005302B8 /* Assets.xcassets */; };
		33E69D8A2C2F1282005302B8 /* Preview Assets.xcassets in Resources */ = {isa = PBXBuildFile; fileRef = 33E69D892C2F1282005302B8 /* Preview Assets.xcassets */; };
		33E69D942C2F1282005302B8 /* JPXHomeViewAPPTests.swift in Sources */ = {isa = PBXBuildFile; fileRef = 33E69D932C2F1282005302B8 /* JPXHomeViewAPPTests.swift */; };
		33E69D9E2C2F1282005302B8 /* JPXHomeViewAPPUITests.swift in Sources */ = {isa = PBXBuildFile; fileRef = 33E69D9D2C2F1282005302B8 /* JPXHomeViewAPPUITests.swift */; };
		33E69DA02C2F1282005302B8 /* JPXHomeViewAPPUITestsLaunchTests.swift in Sources */ = {isa = PBXBuildFile; fileRef = 33E69D9F2C2F1282005302B8 /* JPXHomeViewAPPUITestsLaunchTests.swift */; };
		33E69DAD2C2F1512005302B8 /* jpapexpredators.json in Resources */ = {isa = PBXBuildFile; fileRef = 33E69DAC2C2F1512005302B8 /* jpapexpredators.json */; };
		33E69DB12C2F1E63005302B8 /* DinoModel.swift in Sources */ = {isa = PBXBuildFile; fileRef = 33E69DB02C2F1E63005302B8 /* DinoModel.swift */; };
		33E69DB32C2F1FE4005302B8 /* Predator.swift in Sources */ = {isa = PBXBuildFile; fileRef = 33E69DB22C2F1FE4005302B8 /* Predator.swift */; };
/* End PBXBuildFile section */

/* Begin PBXContainerItemProxy section */
		33E69D902C2F1282005302B8 /* PBXContainerItemProxy */ = {
			isa = PBXContainerItemProxy;
			containerPortal = 33E69D772C2F1281005302B8 /* Project object */;
			proxyType = 1;
			remoteGlobalIDString = 33E69D7E2C2F1281005302B8;
			remoteInfo = JPXHomeViewAPP;
		};
		33E69D9A2C2F1282005302B8 /* PBXContainerItemProxy */ = {
			isa = PBXContainerItemProxy;
			containerPortal = 33E69D772C2F1281005302B8 /* Project object */;
			proxyType = 1;
			remoteGlobalIDString = 33E69D7E2C2F1281005302B8;
			remoteInfo = JPXHomeViewAPP;
		};
/* End PBXContainerItemProxy section */

/* Begin PBXFileReference section */
		3396E95D2C31962700C9E519 /* SingleDinoView.swift */ = {isa = PBXFileReference; lastKnownFileType = sourcecode.swift; path = SingleDinoView.swift; sourceTree = "<group>"; };
		3396E95F2C31A1D000C9E519 /* NewsflashBB.ttf */ = {isa = PBXFileReference; lastKnownFileType = file; name = NewsflashBB.ttf; path = "../../../../../../../Library/CloudStorage/GoogleDrive-sourav292922@gmail.com/My Drive/fonts/newsflash-bb/NewsflashBB.ttf"; sourceTree = "<group>"; };
		3396E9612C31A1E300C9E519 /* Info.plist */ = {isa = PBXFileReference; lastKnownFileType = text.plist; path = Info.plist; sourceTree = "<group>"; };
		33A8E7822C30472900933140 /* NewView.swift */ = {isa = PBXFileReference; lastKnownFileType = sourcecode.swift; path = NewView.swift; sourceTree = "<group>"; };
		33A8E7842C3047B700933140 /* NewDinoModel.swift */ = {isa = PBXFileReference; lastKnownFileType = sourcecode.swift; path = NewDinoModel.swift; sourceTree = "<group>"; };
		33A8E7872C30492A00933140 /* NewDinoController.swift */ = {isa = PBXFileReference; lastKnownFileType = sourcecode.swift; path = NewDinoController.swift; sourceTree = "<group>"; };
		33E69D7F2C2F1281005302B8 /* JPXHomeViewAPP.app */ = {isa = PBXFileReference; explicitFileType = wrapper.application; includeInIndex = 0; path = JPXHomeViewAPP.app; sourceTree = BUILT_PRODUCTS_DIR; };
		33E69D822C2F1281005302B8 /* JPXHomeViewAPPApp.swift */ = {isa = PBXFileReference; lastKnownFileType = sourcecode.swift; path = JPXHomeViewAPPApp.swift; sourceTree = "<group>"; };
		33E69D842C2F1281005302B8 /* ContentView.swift */ = {isa = PBXFileReference; lastKnownFileType = sourcecode.swift; path = ContentView.swift; sourceTree = "<group>"; };
		33E69D862C2F1282005302B8 /* Assets.xcassets */ = {isa = PBXFileReference; lastKnownFileType = folder.assetcatalog; path = Assets.xcassets; sourceTree = "<group>"; };
		33E69D892C2F1282005302B8 /* Preview Assets.xcassets */ = {isa = PBXFileReference; lastKnownFileType = folder.assetcatalog; path = "Preview Assets.xcassets"; sourceTree = "<group>"; };
		33E69D8F2C2F1282005302B8 /* JPXHomeViewAPPTests.xctest */ = {isa = PBXFileReference; explicitFileType = wrapper.cfbundle; includeInIndex = 0; path = JPXHomeViewAPPTests.xctest; sourceTree = BUILT_PRODUCTS_DIR; };
		33E69D932C2F1282005302B8 /* JPXHomeViewAPPTests.swift */ = {isa = PBXFileReference; lastKnownFileType = sourcecode.swift; path = JPXHomeViewAPPTests.swift; sourceTree = "<group>"; };
		33E69D992C2F1282005302B8 /* JPXHomeViewAPPUITests.xctest */ = {isa = PBXFileReference; explicitFileType = wrapper.cfbundle; includeInIndex = 0; path = JPXHomeViewAPPUITests.xctest; sourceTree = BUILT_PRODUCTS_DIR; };
		33E69D9D2C2F1282005302B8 /* JPXHomeViewAPPUITests.swift */ = {isa = PBXFileReference; lastKnownFileType = sourcecode.swift; path = JPXHomeViewAPPUITests.swift; sourceTree = "<group>"; };
		33E69D9F2C2F1282005302B8 /* JPXHomeViewAPPUITestsLaunchTests.swift */ = {isa = PBXFileReference; lastKnownFileType = sourcecode.swift; path = JPXHomeViewAPPUITestsLaunchTests.swift; sourceTree = "<group>"; };
		33E69DAC2C2F1512005302B8 /* jpapexpredators.json */ = {isa = PBXFileReference; fileEncoding = 4; lastKnownFileType = text.json; name = jpapexpredators.json; path = ../../JPXPreditor/JP17Resources/jpapexpredators.json; sourceTree = "<group>"; };
		33E69DB02C2F1E63005302B8 /* DinoModel.swift */ = {isa = PBXFileReference; lastKnownFileType = sourcecode.swift; path = DinoModel.swift; sourceTree = "<group>"; };
		33E69DB22C2F1FE4005302B8 /* Predator.swift */ = {isa = PBXFileReference; lastKnownFileType = sourcecode.swift; path = Predator.swift; sourceTree = "<group>"; };
/* End PBXFileReference section */

/* Begin PBXFrameworksBuildPhase section */
		33E69D7C2C2F1281005302B8 /* Frameworks */ = {
			isa = PBXFrameworksBuildPhase;
			buildActionMask = 2147483647;
			files = (
			);
			runOnlyForDeploymentPostprocessing = 0;
		};
		33E69D8C2C2F1282005302B8 /* Frameworks */ = {
			isa = PBXFrameworksBuildPhase;
			buildActionMask = 2147483647;
			files = (
			);
			runOnlyForDeploymentPostprocessing = 0;
		};
		33E69D962C2F1282005302B8 /* Frameworks */ = {
			isa = PBXFrameworksBuildPhase;
			buildActionMask = 2147483647;
			files = (
			);
			runOnlyForDeploymentPostprocessing = 0;
		};
/* End PBXFrameworksBuildPhase section */

/* Begin PBXGroup section */
		33A8E7862C3048FF00933140 /* NewView */ = {
			isa = PBXGroup;
			children = (
				33A8E7822C30472900933140 /* NewView.swift */,
				3396E95F2C31A1D000C9E519 /* NewsflashBB.ttf */,
				33A8E7872C30492A00933140 /* NewDinoController.swift */,
				33A8E7842C3047B700933140 /* NewDinoModel.swift */,
				3396E95D2C31962700C9E519 /* SingleDinoView.swift */,
			);
			path = NewView;
			sourceTree = "<group>";
		};
		33E69D762C2F1281005302B8 = {
			isa = PBXGroup;
			children = (
				33E69D812C2F1281005302B8 /* JPXHomeViewAPP */,
				33E69D922C2F1282005302B8 /* JPXHomeViewAPPTests */,
				33E69D9C2C2F1282005302B8 /* JPXHomeViewAPPUITests */,
				33E69D802C2F1281005302B8 /* Products */,
			);
			sourceTree = "<group>";
		};
		33E69D802C2F1281005302B8 /* Products */ = {
			isa = PBXGroup;
			children = (
				33E69D7F2C2F1281005302B8 /* JPXHomeViewAPP.app */,
				33E69D8F2C2F1282005302B8 /* JPXHomeViewAPPTests.xctest */,
				33E69D992C2F1282005302B8 /* JPXHomeViewAPPUITests.xctest */,
			);
			name = Products;
			sourceTree = "<group>";
		};
		33E69D812C2F1281005302B8 /* JPXHomeViewAPP */ = {
			isa = PBXGroup;
			children = (
				3396E9612C31A1E300C9E519 /* Info.plist */,
				33E69D822C2F1281005302B8 /* JPXHomeViewAPPApp.swift */,
				33E69D842C2F1281005302B8 /* ContentView.swift */,
				33A8E7862C3048FF00933140 /* NewView */,
				33E69DB02C2F1E63005302B8 /* DinoModel.swift */,
				33E69DB22C2F1FE4005302B8 /* Predator.swift */,
				33E69DAC2C2F1512005302B8 /* jpapexpredators.json */,
				33E69D862C2F1282005302B8 /* Assets.xcassets */,
				33E69D882C2F1282005302B8 /* Preview Content */,
			);
			path = JPXHomeViewAPP;
			sourceTree = "<group>";
		};
		33E69D882C2F1282005302B8 /* Preview Content */ = {
			isa = PBXGroup;
			children = (
				33E69D892C2F1282005302B8 /* Preview Assets.xcassets */,
			);
			path = "Preview Content";
			sourceTree = "<group>";
		};
		33E69D922C2F1282005302B8 /* JPXHomeViewAPPTests */ = {
			isa = PBXGroup;
			children = (
				33E69D932C2F1282005302B8 /* JPXHomeViewAPPTests.swift */,
			);
			path = JPXHomeViewAPPTests;
			sourceTree = "<group>";
		};
		33E69D9C2C2F1282005302B8 /* JPXHomeViewAPPUITests */ = {
			isa = PBXGroup;
			children = (
				33E69D9D2C2F1282005302B8 /* JPXHomeViewAPPUITests.swift */,
				33E69D9F2C2F1282005302B8 /* JPXHomeViewAPPUITestsLaunchTests.swift */,
			);
			path = JPXHomeViewAPPUITests;
			sourceTree = "<group>";
		};
/* End PBXGroup section */

/* Begin PBXNativeTarget section */
		33E69D7E2C2F1281005302B8 /* JPXHomeViewAPP */ = {
			isa = PBXNativeTarget;
			buildConfigurationList = 33E69DA32C2F1282005302B8 /* Build configuration list for PBXNativeTarget "JPXHomeViewAPP" */;
			buildPhases = (
				33E69D7B2C2F1281005302B8 /* Sources */,
				33E69D7C2C2F1281005302B8 /* Frameworks */,
				33E69D7D2C2F1281005302B8 /* Resources */,
			);
			buildRules = (
			);
			dependencies = (
			);
			name = JPXHomeViewAPP;
			productName = JPXHomeViewAPP;
			productReference = 33E69D7F2C2F1281005302B8 /* JPXHomeViewAPP.app */;
			productType = "com.apple.product-type.application";
		};
		33E69D8E2C2F1282005302B8 /* JPXHomeViewAPPTests */ = {
			isa = PBXNativeTarget;
			buildConfigurationList = 33E69DA62C2F1282005302B8 /* Build configuration list for PBXNativeTarget "JPXHomeViewAPPTests" */;
			buildPhases = (
				33E69D8B2C2F1282005302B8 /* Sources */,
				33E69D8C2C2F1282005302B8 /* Frameworks */,
				33E69D8D2C2F1282005302B8 /* Resources */,
			);
			buildRules = (
			);
			dependencies = (
				33E69D912C2F1282005302B8 /* PBXTargetDependency */,
			);
			name = JPXHomeViewAPPTests;
			productName = JPXHomeViewAPPTests;
			productReference = 33E69D8F2C2F1282005302B8 /* JPXHomeViewAPPTests.xctest */;
			productType = "com.apple.product-type.bundle.unit-test";
		};
		33E69D982C2F1282005302B8 /* JPXHomeViewAPPUITests */ = {
			isa = PBXNativeTarget;
			buildConfigurationList = 33E69DA92C2F1282005302B8 /* Build configuration list for PBXNativeTarget "JPXHomeViewAPPUITests" */;
			buildPhases = (
				33E69D952C2F1282005302B8 /* Sources */,
				33E69D962C2F1282005302B8 /* Frameworks */,
				33E69D972C2F1282005302B8 /* Resources */,
			);
			buildRules = (
			);
			dependencies = (
				33E69D9B2C2F1282005302B8 /* PBXTargetDependency */,
			);
			name = JPXHomeViewAPPUITests;
			productName = JPXHomeViewAPPUITests;
			productReference = 33E69D992C2F1282005302B8 /* JPXHomeViewAPPUITests.xctest */;
			productType = "com.apple.product-type.bundle.ui-testing";
		};
/* End PBXNativeTarget section */

/* Begin PBXProject section */
		33E69D772C2F1281005302B8 /* Project object */ = {
			isa = PBXProject;
			attributes = {
				BuildIndependentTargetsInParallel = 1;
				LastSwiftUpdateCheck = 1540;
				LastUpgradeCheck = 1540;
				TargetAttributes = {
					33E69D7E2C2F1281005302B8 = {
						CreatedOnToolsVersion = 15.4;
					};
					33E69D8E2C2F1282005302B8 = {
						CreatedOnToolsVersion = 15.4;
						TestTargetID = 33E69D7E2C2F1281005302B8;
					};
					33E69D982C2F1282005302B8 = {
						CreatedOnToolsVersion = 15.4;
						TestTargetID = 33E69D7E2C2F1281005302B8;
					};
				};
			};
			buildConfigurationList = 33E69D7A2C2F1281005302B8 /* Build configuration list for PBXProject "JPXHomeViewAPP" */;
			compatibilityVersion = "Xcode 14.0";
			developmentRegion = en;
			hasScannedForEncodings = 0;
			knownRegions = (
				en,
				Base,
			);
			mainGroup = 33E69D762C2F1281005302B8;
			productRefGroup = 33E69D802C2F1281005302B8 /* Products */;
			projectDirPath = "";
			projectRoot = "";
			targets = (
				33E69D7E2C2F1281005302B8 /* JPXHomeViewAPP */,
				33E69D8E2C2F1282005302B8 /* JPXHomeViewAPPTests */,
				33E69D982C2F1282005302B8 /* JPXHomeViewAPPUITests */,
			);
		};
/* End PBXProject section */

/* Begin PBXResourcesBuildPhase section */
		33E69D7D2C2F1281005302B8 /* Resources */ = {
			isa = PBXResourcesBuildPhase;
			buildActionMask = 2147483647;
			files = (
				33E69D8A2C2F1282005302B8 /* Preview Assets.xcassets in Resources */,
				33E69D872C2F1282005302B8 /* Assets.xcassets in Resources */,
				3396E9602C31A1D000C9E519 /* NewsflashBB.ttf in Resources */,
				33E69DAD2C2F1512005302B8 /* jpapexpredators.json in Resources */,
			);
			runOnlyForDeploymentPostprocessing = 0;
		};
		33E69D8D2C2F1282005302B8 /* Resources */ = {
			isa = PBXResourcesBuildPhase;
			buildActionMask = 2147483647;
			files = (
			);
			runOnlyForDeploymentPostprocessing = 0;
		};
		33E69D972C2F1282005302B8 /* Resources */ = {
			isa = PBXResourcesBuildPhase;
			buildActionMask = 2147483647;
			files = (
			);
			runOnlyForDeploymentPostprocessing = 0;
		};
/* End PBXResourcesBuildPhase section */

/* Begin PBXSourcesBuildPhase section */
		33E69D7B2C2F1281005302B8 /* Sources */ = {
			isa = PBXSourcesBuildPhase;
			buildActionMask = 2147483647;
			files = (
				33A8E7852C3047B700933140 /* NewDinoModel.swift in Sources */,
				33E69D852C2F1281005302B8 /* ContentView.swift in Sources */,
				33E69D832C2F1281005302B8 /* JPXHomeViewAPPApp.swift in Sources */,
				33E69DB32C2F1FE4005302B8 /* Predator.swift in Sources */,
				33A8E7832C30472900933140 /* NewView.swift in Sources */,
				33A8E7882C30492A00933140 /* NewDinoController.swift in Sources */,
				3396E95E2C31962700C9E519 /* SingleDinoView.swift in Sources */,
				33E69DB12C2F1E63005302B8 /* DinoModel.swift in Sources */,
			);
			runOnlyForDeploymentPostprocessing = 0;
		};
		33E69D8B2C2F1282005302B8 /* Sources */ = {
			isa = PBXSourcesBuildPhase;
			buildActionMask = 2147483647;
			files = (
				33E69D942C2F1282005302B8 /* JPXHomeViewAPPTests.swift in Sources */,
			);
			runOnlyForDeploymentPostprocessing = 0;
		};
		33E69D952C2F1282005302B8 /* Sources */ = {
			isa = PBXSourcesBuildPhase;
			buildActionMask = 2147483647;
			files = (
				33E69D9E2C2F1282005302B8 /* JPXHomeViewAPPUITests.swift in Sources */,
				33E69DA02C2F1282005302B8 /* JPXHomeViewAPPUITestsLaunchTests.swift in Sources */,
			);
			runOnlyForDeploymentPostprocessing = 0;
		};
/* End PBXSourcesBuildPhase section */

/* Begin PBXTargetDependency section */
		33E69D912C2F1282005302B8 /* PBXTargetDependency */ = {
			isa = PBXTargetDependency;
			target = 33E69D7E2C2F1281005302B8 /* JPXHomeViewAPP */;
			targetProxy = 33E69D902C2F1282005302B8 /* PBXContainerItemProxy */;
		};
		33E69D9B2C2F1282005302B8 /* PBXTargetDependency */ = {
			isa = PBXTargetDependency;
			target = 33E69D7E2C2F1281005302B8 /* JPXHomeViewAPP */;
			targetProxy = 33E69D9A2C2F1282005302B8 /* PBXContainerItemProxy */;
		};
/* End PBXTargetDependency section */

/* Begin XCBuildConfiguration section */
		33E69DA12C2F1282005302B8 /* Debug */ = {
			isa = XCBuildConfiguration;
			buildSettings = {
				ALWAYS_SEARCH_USER_PATHS = NO;
				ASSETCATALOG_COMPILER_GENERATE_SWIFT_ASSET_SYMBOL_EXTENSIONS = YES;
				CLANG_ANALYZER_NONNULL = YES;
				CLANG_ANALYZER_NUMBER_OBJECT_CONVERSION = YES_AGGRESSIVE;
				CLANG_CXX_LANGUAGE_STANDARD = "gnu++20";
				CLANG_ENABLE_MODULES = YES;
				CLANG_ENABLE_OBJC_ARC = YES;
				CLANG_ENABLE_OBJC_WEAK = YES;
				CLANG_WARN_BLOCK_CAPTURE_AUTORELEASING = YES;
				CLANG_WARN_BOOL_CONVERSION = YES;
				CLANG_WARN_COMMA = YES;
				CLANG_WARN_CONSTANT_CONVERSION = YES;
				CLANG_WARN_DEPRECATED_OBJC_IMPLEMENTATIONS = YES;
				CLANG_WARN_DIRECT_OBJC_ISA_USAGE = YES_ERROR;
				CLANG_WARN_DOCUMENTATION_COMMENTS = YES;
				CLANG_WARN_EMPTY_BODY = YES;
				CLANG_WARN_ENUM_CONVERSION = YES;
				CLANG_WARN_INFINITE_RECURSION = YES;
				CLANG_WARN_INT_CONVERSION = YES;
				CLANG_WARN_NON_LITERAL_NULL_CONVERSION = YES;
				CLANG_WARN_OBJC_IMPLICIT_RETAIN_SELF = YES;
				CLANG_WARN_OBJC_LITERAL_CONVERSION = YES;
				CLANG_WARN_OBJC_ROOT_CLASS = YES_ERROR;
				CLANG_WARN_QUOTED_INCLUDE_IN_FRAMEWORK_HEADER = YES;
				CLANG_WARN_RANGE_LOOP_ANALYSIS = YES;
				CLANG_WARN_STRICT_PROTOTYPES = YES;
				CLANG_WARN_SUSPICIOUS_MOVE = YES;
				CLANG_WARN_UNGUARDED_AVAILABILITY = YES_AGGRESSIVE;
				CLANG_WARN_UNREACHABLE_CODE = YES;
				CLANG_WARN__DUPLICATE_METHOD_MATCH = YES;
				COPY_PHASE_STRIP = NO;
				DEBUG_INFORMATION_FORMAT = dwarf;
				ENABLE_STRICT_OBJC_MSGSEND = YES;
				ENABLE_TESTABILITY = YES;
				ENABLE_USER_SCRIPT_SANDBOXING = YES;
				GCC_C_LANGUAGE_STANDARD = gnu17;
				GCC_DYNAMIC_NO_PIC = NO;
				GCC_NO_COMMON_BLOCKS = YES;
				GCC_OPTIMIZATION_LEVEL = 0;
				GCC_PREPROCESSOR_DEFINITIONS = (
					"DEBUG=1",
					"$(inherited)",
				);
				GCC_WARN_64_TO_32_BIT_CONVERSION = YES;
				GCC_WARN_ABOUT_RETURN_TYPE = YES_ERROR;
				GCC_WARN_UNDECLARED_SELECTOR = YES;
				GCC_WARN_UNINITIALIZED_AUTOS = YES_AGGRESSIVE;
				GCC_WARN_UNUSED_FUNCTION = YES;
				GCC_WARN_UNUSED_VARIABLE = YES;
				IPHONEOS_DEPLOYMENT_TARGET = 17.5;
				LOCALIZATION_PREFERS_STRING_CATALOGS = YES;
				MTL_ENABLE_DEBUG_INFO = INCLUDE_SOURCE;
				MTL_FAST_MATH = YES;
				ONLY_ACTIVE_ARCH = YES;
				SDKROOT = iphoneos;
				SWIFT_ACTIVE_COMPILATION_CONDITIONS = "DEBUG $(inherited)";
				SWIFT_OPTIMIZATION_LEVEL = "-Onone";
			};
			name = Debug;
		};
		33E69DA22C2F1282005302B8 /* Release */ = {
			isa = XCBuildConfiguration;
			buildSettings = {
				ALWAYS_SEARCH_USER_PATHS = NO;
				ASSETCATALOG_COMPILER_GENERATE_SWIFT_ASSET_SYMBOL_EXTENSIONS = YES;
				CLANG_ANALYZER_NONNULL = YES;
				CLANG_ANALYZER_NUMBER_OBJECT_CONVERSION = YES_AGGRESSIVE;
				CLANG_CXX_LANGUAGE_STANDARD = "gnu++20";
				CLANG_ENABLE_MODULES = YES;
				CLANG_ENABLE_OBJC_ARC = YES;
				CLANG_ENABLE_OBJC_WEAK = YES;
				CLANG_WARN_BLOCK_CAPTURE_AUTORELEASING = YES;
				CLANG_WARN_BOOL_CONVERSION = YES;
				CLANG_WARN_COMMA = YES;
				CLANG_WARN_CONSTANT_CONVERSION = YES;
				CLANG_WARN_DEPRECATED_OBJC_IMPLEMENTATIONS = YES;
				CLANG_WARN_DIRECT_OBJC_ISA_USAGE = YES_ERROR;
				CLANG_WARN_DOCUMENTATION_COMMENTS = YES;
				CLANG_WARN_EMPTY_BODY = YES;
				CLANG_WARN_ENUM_CONVERSION = YES;
				CLANG_WARN_INFINITE_RECURSION = YES;
				CLANG_WARN_INT_CONVERSION = YES;
				CLANG_WARN_NON_LITERAL_NULL_CONVERSION = YES;
				CLANG_WARN_OBJC_IMPLICIT_RETAIN_SELF = YES;
				CLANG_WARN_OBJC_LITERAL_CONVERSION = YES;
				CLANG_WARN_OBJC_ROOT_CLASS = YES_ERROR;
				CLANG_WARN_QUOTED_INCLUDE_IN_FRAMEWORK_HEADER = YES;
				CLANG_WARN_RANGE_LOOP_ANALYSIS = YES;
				CLANG_WARN_STRICT_PROTOTYPES = YES;
				CLANG_WARN_SUSPICIOUS_MOVE = YES;
				CLANG_WARN_UNGUARDED_AVAILABILITY = YES_AGGRESSIVE;
				CLANG_WARN_UNREACHABLE_CODE = YES;
				CLANG_WARN__DUPLICATE_METHOD_MATCH = YES;
				COPY_PHASE_STRIP = NO;
				DEBUG_INFORMATION_FORMAT = "dwarf-with-dsym";
				ENABLE_NS_ASSERTIONS = NO;
				ENABLE_STRICT_OBJC_MSGSEND = YES;
				ENABLE_USER_SCRIPT_SANDBOXING = YES;
				GCC_C_LANGUAGE_STANDARD = gnu17;
				GCC_NO_COMMON_BLOCKS = YES;
				GCC_WARN_64_TO_32_BIT_CONVERSION = YES;
				GCC_WARN_ABOUT_RETURN_TYPE = YES_ERROR;
				GCC_WARN_UNDECLARED_SELECTOR = YES;
				GCC_WARN_UNINITIALIZED_AUTOS = YES_AGGRESSIVE;
				GCC_WARN_UNUSED_FUNCTION = YES;
				GCC_WARN_UNUSED_VARIABLE = YES;
				IPHONEOS_DEPLOYMENT_TARGET = 17.5;
				LOCALIZATION_PREFERS_STRING_CATALOGS = YES;
				MTL_ENABLE_DEBUG_INFO = NO;
				MTL_FAST_MATH = YES;
				SDKROOT = iphoneos;
				SWIFT_COMPILATION_MODE = wholemodule;
				VALIDATE_PRODUCT = YES;
			};
			name = Release;
		};
		33E69DA42C2F1282005302B8 /* Debug */ = {
			isa = XCBuildConfiguration;
			buildSettings = {
				ASSETCATALOG_COMPILER_APPICON_NAME = AppIcon;
				ASSETCATALOG_COMPILER_GLOBAL_ACCENT_COLOR_NAME = AccentColor;
				CODE_SIGN_STYLE = Automatic;
				CURRENT_PROJECT_VERSION = 1;
				DEVELOPMENT_ASSET_PATHS = "\"JPXHomeViewAPP/Preview Content\"";
				ENABLE_PREVIEWS = YES;
				GENERATE_INFOPLIST_FILE = YES;
				INFOPLIST_FILE = JPXHomeViewAPP/Info.plist;
				INFOPLIST_KEY_UIApplicationSceneManifest_Generation = YES;
				INFOPLIST_KEY_UIApplicationSupportsIndirectInputEvents = YES;
				INFOPLIST_KEY_UILaunchScreen_Generation = YES;
				INFOPLIST_KEY_UISupportedInterfaceOrientations_iPad = "UIInterfaceOrientationPortrait UIInterfaceOrientationPortraitUpsideDown UIInterfaceOrientationLandscapeLeft UIInterfaceOrientationLandscapeRight";
				INFOPLIST_KEY_UISupportedInterfaceOrientations_iPhone = "UIInterfaceOrientationPortrait UIInterfaceOrientationLandscapeLeft UIInterfaceOrientationLandscapeRight";
				LD_RUNPATH_SEARCH_PATHS = (
					"$(inherited)",
					"@executable_path/Frameworks",
				);
				MARKETING_VERSION = 1.0;
				PRODUCT_BUNDLE_IDENTIFIER = com.golu.JPXHomeViewAPP;
				PRODUCT_NAME = "$(TARGET_NAME)";
				SWIFT_EMIT_LOC_STRINGS = YES;
				SWIFT_VERSION = 5.0;
				TARGETED_DEVICE_FAMILY = "1,2";
			};
			name = Debug;
		};
		33E69DA52C2F1282005302B8 /* Release */ = {
			isa = XCBuildConfiguration;
			buildSettings = {
				ASSETCATALOG_COMPILER_APPICON_NAME = AppIcon;
				ASSETCATALOG_COMPILER_GLOBAL_ACCENT_COLOR_NAME = AccentColor;
				CODE_SIGN_STYLE = Automatic;
				CURRENT_PROJECT_VERSION = 1;
				DEVELOPMENT_ASSET_PATHS = "\"JPXHomeViewAPP/Preview Content\"";
				ENABLE_PREVIEWS = YES;
				GENERATE_INFOPLIST_FILE = YES;
				INFOPLIST_FILE = JPXHomeViewAPP/Info.plist;
				INFOPLIST_KEY_UIApplicationSceneManifest_Generation = YES;
				INFOPLIST_KEY_UIApplicationSupportsIndirectInputEvents = YES;
				INFOPLIST_KEY_UILaunchScreen_Generation = YES;
				INFOPLIST_KEY_UISupportedInterfaceOrientations_iPad = "UIInterfaceOrientationPortrait UIInterfaceOrientationPortraitUpsideDown UIInterfaceOrientationLandscapeLeft UIInterfaceOrientationLandscapeRight";
				INFOPLIST_KEY_UISupportedInterfaceOrientations_iPhone = "UIInterfaceOrientationPortrait UIInterfaceOrientationLandscapeLeft UIInterfaceOrientationLandscapeRight";
				LD_RUNPATH_SEARCH_PATHS = (
					"$(inherited)",
					"@executable_path/Frameworks",
				);
				MARKETING_VERSION = 1.0;
				PRODUCT_BUNDLE_IDENTIFIER = com.golu.JPXHomeViewAPP;
				PRODUCT_NAME = "$(TARGET_NAME)";
				SWIFT_EMIT_LOC_STRINGS = YES;
				SWIFT_VERSION = 5.0;
				TARGETED_DEVICE_FAMILY = "1,2";
			};
			name = Release;
		};
		33E69DA72C2F1282005302B8 /* Debug */ = {
			isa = XCBuildConfiguration;
			buildSettings = {
				ALWAYS_EMBED_SWIFT_STANDARD_LIBRARIES = YES;
				BUNDLE_LOADER = "$(TEST_HOST)";
				CODE_SIGN_STYLE = Automatic;
				CURRENT_PROJECT_VERSION = 1;
				GENERATE_INFOPLIST_FILE = YES;
				IPHONEOS_DEPLOYMENT_TARGET = 17.5;
				MARKETING_VERSION = 1.0;
				PRODUCT_BUNDLE_IDENTIFIER = com.golu.JPXHomeViewAPPTests;
				PRODUCT_NAME = "$(TARGET_NAME)";
				SWIFT_EMIT_LOC_STRINGS = NO;
				SWIFT_VERSION = 5.0;
				TARGETED_DEVICE_FAMILY = "1,2";
				TEST_HOST = "$(BUILT_PRODUCTS_DIR)/JPXHomeViewAPP.app/$(BUNDLE_EXECUTABLE_FOLDER_PATH)/JPXHomeViewAPP";
			};
			name = Debug;
		};
		33E69DA82C2F1282005302B8 /* Release */ = {
			isa = XCBuildConfiguration;
			buildSettings = {
				ALWAYS_EMBED_SWIFT_STANDARD_LIBRARIES = YES;
				BUNDLE_LOADER = "$(TEST_HOST)";
				CODE_SIGN_STYLE = Automatic;
				CURRENT_PROJECT_VERSION = 1;
				GENERATE_INFOPLIST_FILE = YES;
				IPHONEOS_DEPLOYMENT_TARGET = 17.5;
				MARKETING_VERSION = 1.0;
				PRODUCT_BUNDLE_IDENTIFIER = com.golu.JPXHomeViewAPPTests;
				PRODUCT_NAME = "$(TARGET_NAME)";
				SWIFT_EMIT_LOC_STRINGS = NO;
				SWIFT_VERSION = 5.0;
				TARGETED_DEVICE_FAMILY = "1,2";
				TEST_HOST = "$(BUILT_PRODUCTS_DIR)/JPXHomeViewAPP.app/$(BUNDLE_EXECUTABLE_FOLDER_PATH)/JPXHomeViewAPP";
			};
			name = Release;
		};
		33E69DAA2C2F1282005302B8 /* Debug */ = {
			isa = XCBuildConfiguration;
			buildSettings = {
				ALWAYS_EMBED_SWIFT_STANDARD_LIBRARIES = YES;
				CODE_SIGN_STYLE = Automatic;
				CURRENT_PROJECT_VERSION = 1;
				GENERATE_INFOPLIST_FILE = YES;
				MARKETING_VERSION = 1.0;
				PRODUCT_BUNDLE_IDENTIFIER = com.golu.JPXHomeViewAPPUITests;
				PRODUCT_NAME = "$(TARGET_NAME)";
				SWIFT_EMIT_LOC_STRINGS = NO;
				SWIFT_VERSION = 5.0;
				TARGETED_DEVICE_FAMILY = "1,2";
				TEST_TARGET_NAME = JPXHomeViewAPP;
			};
			name = Debug;
		};
		33E69DAB2C2F1282005302B8 /* Release */ = {
			isa = XCBuildConfiguration;
			buildSettings = {
				ALWAYS_EMBED_SWIFT_STANDARD_LIBRARIES = YES;
				CODE_SIGN_STYLE = Automatic;
				CURRENT_PROJECT_VERSION = 1;
				GENERATE_INFOPLIST_FILE = YES;
				MARKETING_VERSION = 1.0;
				PRODUCT_BUNDLE_IDENTIFIER = com.golu.JPXHomeViewAPPUITests;
				PRODUCT_NAME = "$(TARGET_NAME)";
				SWIFT_EMIT_LOC_STRINGS = NO;
				SWIFT_VERSION = 5.0;
				TARGETED_DEVICE_FAMILY = "1,2";
				TEST_TARGET_NAME = JPXHomeViewAPP;
			};
			name = Release;
		};
/* End XCBuildConfiguration section */

/* Begin XCConfigurationList section */
		33E69D7A2C2F1281005302B8 /* Build configuration list for PBXProject "JPXHomeViewAPP" */ = {
			isa = XCConfigurationList;
			buildConfigurations = (
				33E69DA12C2F1282005302B8 /* Debug */,
				33E69DA22C2F1282005302B8 /* Release */,
			);
			defaultConfigurationIsVisible = 0;
			defaultConfigurationName = Release;
		};
		33E69DA32C2F1282005302B8 /* Build configuration list for PBXNativeTarget "JPXHomeViewAPP" */ = {
			isa = XCConfigurationList;
			buildConfigurations = (
				33E69DA42C2F1282005302B8 /* Debug */,
				33E69DA52C2F1282005302B8 /* Release */,
			);
			defaultConfigurationIsVisible = 0;
			defaultConfigurationName = Release;
		};
		33E69DA62C2F1282005302B8 /* Build configuration list for PBXNativeTarget "JPXHomeViewAPPTests" */ = {
			isa = XCConfigurationList;
			buildConfigurations = (
				33E69DA72C2F1282005302B8 /* Debug */,
				33E69DA82C2F1282005302B8 /* Release */,
			);
			defaultConfigurationIsVisible = 0;
			defaultConfigurationName = Release;
		};
		33E69DA92C2F1282005302B8 /* Build configuration list for PBXNativeTarget "JPXHomeViewAPPUITests" */ = {
			isa = XCConfigurationList;
			buildConfigurations = (
				33E69DAA2C2F1282005302B8 /* Debug */,
				33E69DAB2C2F1282005302B8 /* Release */,
			);
			defaultConfigurationIsVisible = 0;
			defaultConfigurationName = Release;
		};
/* End XCConfigurationList section */
	};
	rootObject = 33E69D772C2F1281005302B8 /* Project object */;
}
